
Microsoft Visual Studio Solution File, Format Version 12.00
# Visual Studio 2013
VisualStudioVersion = 12.0.31101.0
MinimumVisualStudioVersion = 10.0.40219.1
Project("{FAE04EC0-301F-11D3-BF4B-00C04F79EFBC}") = "PersonalTools.AspNet4", "PersonalTools.AspNet4\PersonalTools.AspNet4.csproj", "{2EF93BBF-BD94-49B9-800D-3F016015AE74}"
EndProject
Project("{FAE04EC0-301F-11D3-BF4B-00C04F79EFBC}") = "PersonalTools.BLL", "..\PersonalTools.Core\PersonalTools.BLL\PersonalTools.BLL.csproj", "{475D53A6-A3A2-4B3A-B09F-A0379AE112D5}"
EndProject
Project("{FAE04EC0-301F-11D3-BF4B-00C04F79EFBC}") = "PersonalTools.Data", "..\PersonalTools.Core\PersonalTools.Data\PersonalTools.Data.csproj", "{14F00F42-B9C4-4B79-BA45-834291DED633}"
EndProject
Global
	GlobalSection(SolutionConfigurationPlatforms) = preSolution
		Debug|Any CPU = Debug|Any CPU
		Release|Any CPU = Release|Any CPU
	EndGlobalSection
	GlobalSection(ProjectConfigurationPlatforms) = postSolution
		{2EF93BBF-BD94-49B9-800D-3F016015AE74}.Debug|Any CPU.ActiveCfg = Debug|Any CPU
		{2EF93BBF-BD94-49B9-800D-3F016015AE74}.Debug|Any CPU.Build.0 = Debug|Any CPU
		{2EF93BBF-BD94-49B9-800D-3F016015AE74}.Release|Any CPU.ActiveCfg = Release|Any CPU
		{2EF93BBF-BD94-49B9-800D-3F016015AE74}.Release|Any CPU.Build.0 = Release|Any CPU
		{475D53A6-A3A2-4B3A-B09F-A0379AE112D5}.Debug|Any CPU.ActiveCfg = Debug|Any CPU
		{475D53A6-A3A2-4B3A-B09F-A0379AE112D5}.Debug|Any CPU.Build.0 = Debug|Any CPU
		{475D53A6-A3A2-4B3A-B09F-A0379AE112D5}.Release|Any CPU.ActiveCfg = Release|Any CPU
		{475D53A6-A3A2-4B3A-B09F-A0379AE112D5}.Release|Any CPU.Build.0 = Release|Any CPU
		{14F00F42-B9C4-4B79-BA45-834291DED633}.Debug|Any CPU.ActiveCfg = Debug|Any CPU
		{14F00F42-B9C4-4B79-BA45-834291DED633}.Debug|Any CPU.Build.0 = Debug|Any CPU
		{14F00F42-B9C4-4B79-BA45-834291DED633}.Release|Any CPU.ActiveCfg = Release|Any CPU
		{14F00F42-B9C4-4B79-BA45-834291DED633}.Release|Any CPU.Build.0 = Release|Any CPU
	EndGlobalSection
	GlobalSection(SolutionProperties) = preSolution
		HideSolutionNode = FALSE
	EndGlobalSection
EndGlobal
